Microsoft Visual Studio Solution File, Format Version 12.00
# Visual Studio Version 17
VisualStudioVersion = 17.14.36414.22
MinimumVisualStudioVersion = 10.0.40219.1
Project("{8BC9CEB8-8B4A-11D0-8D11-00A0C91BC942}") = "ProcessMonitor", "server\VM\ProcessMonitor\ProcessMonitor.vcxproj", "{A4506197-64A5-47F0-89CD-F5E9B27ABC3E}"
EndProject
Project("{2150E333-8FDC-42A3-9474-1A3956D46DE8}") = "server", "server", "{02EA681E-C7D8-13C7-8484-4AC65E1B71E8}"
EndProject
Project("{2150E333-8FDC-42A3-9474-1A3956D46DE8}") = "VM", "VM", "{FC890CA9-B215-4930-A2A7-65BB1BEB450E}"
EndProject
Project("{2150E333-8FDC-42A3-9474-1A3956D46DE8}") = "client", "client", "{728B5CDD-D3F5-4D4B-99D3-1E52B5F6016B}"
EndProject
Project("{8BC9CEB8-8B4A-11D0-8D11-00A0C91BC942}") = "Service", "Client\Service\Service.vcxproj", "{40C927E3-3C8C-4A61-A88A-9E17273929AB}"
EndProject
Project("{8BC9CEB8-8B4A-11D0-8D11-00A0C91BC942}") = "ProcessRunner", "server\VM\ProcessRunner\ProcessRunner.vcxproj", "{5851ABCE-7902-41EA-8BC4-5D32A7B129EE}"
EndProject
Project("{8BC9CEB8-8B4A-11D0-8D11-00A0C91BC942}") = "ProcessRunnerDLL", "server\VM\ProcessRunnerDLL\ProcessRunnerDLL.vcxproj", "{8FB29133-1A42-48E7-85F8-BA2536C9D65D}"
EndProject
Project("{8BC9CEB8-8B4A-11D0-8D11-00A0C91BC942}") = "VMRunner", "server\VM\VMRunner\VMRunner.vcxproj", "{46A707B8-A55D-488F-9131-AB5BF39DDAA2}"
EndProject
Project("{8BC9CEB8-8B4A-11D0-8D11-00A0C91BC942}") = "Server", "server\Server\Server.vcxproj", "{AD23F457-5511-4D8C-AD42-4283F4B0600F}"
EndProject
Project("{8BC9CEB8-8B4A-11D0-8D11-00A0C91BC942}") = "KernelDriver", "Client\KernelDriver\KernelDriver.vcxproj", "{46CC3435-7C67-E497-7CEF-4ECC250AC44C}"
EndProject
Project("{B7DD6F7E-DEF8-4E67-B5B7-07EF123DB6F0}") = "Installer", "Installer\Installer.wixproj", "{F81948C7-ECE7-480B-B42E-B8E31B7D1CAD}"
EndProject
Global
	GlobalSection(SolutionConfigurationPlatforms) = preSolution
		Debug|ARM64 = Debug|ARM64
		Debug|x64 = Debug|x64
		Debug|x86 = Debug|x86
		Release|ARM64 = Release|ARM64
		Release|x64 = Release|x64
		Release|x86 = Release|x86
	EndGlobalSection
	GlobalSection(ProjectConfigurationPlatforms) = postSolution
		{A4506197-64A5-47F0-89CD-F5E9B27ABC3E}.Debug|ARM64.ActiveCfg = Debug|x64
		{A4506197-64A5-47F0-89CD-F5E9B27ABC3E}.Debug|ARM64.Build.0 = Debug|x64
		{A4506197-64A5-47F0-89CD-F5E9B27ABC3E}.Debug|x64.ActiveCfg = Debug|x64
		{A4506197-64A5-47F0-89CD-F5E9B27ABC3E}.Debug|x64.Build.0 = Debug|x64
		{A4506197-64A5-47F0-89CD-F5E9B27ABC3E}.Debug|x86.ActiveCfg = Debug|Win32
		{A4506197-64A5-47F0-89CD-F5E9B27ABC3E}.Debug|x86.Build.0 = Debug|Win32
		{A4506197-64A5-47F0-89CD-F5E9B27ABC3E}.Release|ARM64.ActiveCfg = Release|x64
		{A4506197-64A5-47F0-89CD-F5E9B27ABC3E}.Release|ARM64.Build.0 = Release|x64
		{A4506197-64A5-47F0-89CD-F5E9B27ABC3E}.Release|x64.ActiveCfg = Release|x64
		{A4506197-64A5-47F0-89CD-F5E9B27ABC3E}.Release|x64.Build.0 = Release|x64
		{A4506197-64A5-47F0-89CD-F5E9B27ABC3E}.Release|x86.ActiveCfg = Release|Win32
		{A4506197-64A5-47F0-89CD-F5E9B27ABC3E}.Release|x86.Build.0 = Release|Win32
		{40C927E3-3C8C-4A61-A88A-9E17273929AB}.Debug|ARM64.ActiveCfg = Debug|x64
		{40C927E3-3C8C-4A61-A88A-9E17273929AB}.Debug|ARM64.Build.0 = Debug|x64
		{40C927E3-3C8C-4A61-A88A-9E17273929AB}.Debug|x64.ActiveCfg = Debug|x64
		{40C927E3-3C8C-4A61-A88A-9E17273929AB}.Debug|x64.Build.0 = Debug|x64
		{40C927E3-3C8C-4A61-A88A-9E17273929AB}.Debug|x86.ActiveCfg = Debug|Win32
		{40C927E3-3C8C-4A61-A88A-9E17273929AB}.Debug|x86.Build.0 = Debug|Win32
		{40C927E3-3C8C-4A61-A88A-9E17273929AB}.Release|ARM64.ActiveCfg = Release|x64
		{40C927E3-3C8C-4A61-A88A-9E17273929AB}.Release|ARM64.Build.0 = Release|x64
		{40C927E3-3C8C-4A61-A88A-9E17273929AB}.Release|x64.ActiveCfg = Release|x64
		{40C927E3-3C8C-4A61-A88A-9E17273929AB}.Release|x64.Build.0 = Release|x64
		{40C927E3-3C8C-4A61-A88A-9E17273929AB}.Release|x86.ActiveCfg = Release|Win32
		{40C927E3-3C8C-4A61-A88A-9E17273929AB}.Release|x86.Build.0 = Release|Win32
		{5851ABCE-7902-41EA-8BC4-5D32A7B129EE}.Debug|ARM64.ActiveCfg = Debug|x64
		{5851ABCE-7902-41EA-8BC4-5D32A7B129EE}.Debug|ARM64.Build.0 = Debug|x64
		{5851ABCE-7902-41EA-8BC4-5D32A7B129EE}.Debug|x64.ActiveCfg = Debug|x64
		{5851ABCE-7902-41EA-8BC4-5D32A7B129EE}.Debug|x64.Build.0 = Debug|x64
		{5851ABCE-7902-41EA-8BC4-5D32A7B129EE}.Debug|x86.ActiveCfg = Debug|Win32
		{5851ABCE-7902-41EA-8BC4-5D32A7B129EE}.Debug|x86.Build.0 = Debug|Win32
		{5851ABCE-7902-41EA-8BC4-5D32A7B129EE}.Release|ARM64.ActiveCfg = Release|x64
		{5851ABCE-7902-41EA-8BC4-5D32A7B129EE}.Release|ARM64.Build.0 = Release|x64
		{5851ABCE-7902-41EA-8BC4-5D32A7B129EE}.Release|x64.ActiveCfg = Release|x64
		{5851ABCE-7902-41EA-8BC4-5D32A7B129EE}.Release|x64.Build.0 = Release|x64
		{5851ABCE-7902-41EA-8BC4-5D32A7B129EE}.Release|x86.ActiveCfg = Release|Win32
		{5851ABCE-7902-41EA-8BC4-5D32A7B129EE}.Release|x86.Build.0 = Release|Win32
		{8FB29133-1A42-48E7-85F8-BA2536C9D65D}.Debug|ARM64.ActiveCfg = Debug|x64
		{8FB29133-1A42-48E7-85F8-BA2536C9D65D}.Debug|ARM64.Build.0 = Debug|x64
		{8FB29133-1A42-48E7-85F8-BA2536C9D65D}.Debug|x64.ActiveCfg = Debug|x64
		{8FB29133-1A42-48E7-85F8-BA2536C9D65D}.Debug|x64.Build.0 = Debug|x64
		{8FB29133-1A42-48E7-85F8-BA2536C9D65D}.Debug|x86.ActiveCfg = Debug|Win32
		{8FB29133-1A42-48E7-85F8-BA2536C9D65D}.Debug|x86.Build.0 = Debug|Win32
		{8FB29133-1A42-48E7-85F8-BA2536C9D65D}.Release|ARM64.ActiveCfg = Release|x64
		{8FB29133-1A42-48E7-85F8-BA2536C9D65D}.Release|ARM64.Build.0 = Release|x64
		{8FB29133-1A42-48E7-85F8-BA2536C9D65D}.Release|x64.ActiveCfg = Release|x64
		{8FB29133-1A42-48E7-85F8-BA2536C9D65D}.Release|x64.Build.0 = Release|x64
		{8FB29133-1A42-48E7-85F8-BA2536C9D65D}.Release|x86.ActiveCfg = Release|Win32
		{8FB29133-1A42-48E7-85F8-BA2536C9D65D}.Release|x86.Build.0 = Release|Win32
		{46A707B8-A55D-488F-9131-AB5BF39DDAA2}.Debug|ARM64.ActiveCfg = Debug|x64
		{46A707B8-A55D-488F-9131-AB5BF39DDAA2}.Debug|ARM64.Build.0 = Debug|x64
		{46A707B8-A55D-488F-9131-AB5BF39DDAA2}.Debug|x64.ActiveCfg = Debug|x64
		{46A707B8-A55D-488F-9131-AB5BF39DDAA2}.Debug|x64.Build.0 = Debug|x64
		{46A707B8-A55D-488F-9131-AB5BF39DDAA2}.Debug|x86.ActiveCfg = Debug|Win32
		{46A707B8-A55D-488F-9131-AB5BF39DDAA2}.Debug|x86.Build.0 = Debug|Win32
		{46A707B8-A55D-488F-9131-AB5BF39DDAA2}.Release|ARM64.ActiveCfg = Release|x64
		{46A707B8-A55D-488F-9131-AB5BF39DDAA2}.Release|ARM64.Build.0 = Release|x64
		{46A707B8-A55D-488F-9131-AB5BF39DDAA2}.Release|x64.ActiveCfg = Release|x64
		{46A707B8-A55D-488F-9131-AB5BF39DDAA2}.Release|x64.Build.0 = Release|x64
		{46A707B8-A55D-488F-9131-AB5BF39DDAA2}.Release|x86.ActiveCfg = Release|Win32
		{46A707B8-A55D-488F-9131-AB5BF39DDAA2}.Release|x86.Build.0 = Release|Win32
		{AD23F457-5511-4D8C-AD42-4283F4B0600F}.Debug|ARM64.ActiveCfg = Debug|x64
		{AD23F457-5511-4D8C-AD42-4283F4B0600F}.Debug|ARM64.Build.0 = Debug|x64
		{AD23F457-5511-4D8C-AD42-4283F4B0600F}.Debug|x64.ActiveCfg = Debug|x64
		{AD23F457-5511-4D8C-AD42-4283F4B0600F}.Debug|x64.Build.0 = Debug|x64
		{AD23F457-5511-4D8C-AD42-4283F4B0600F}.Debug|x86.ActiveCfg = Debug|Win32
		{AD23F457-5511-4D8C-AD42-4283F4B0600F}.Debug|x86.Build.0 = Debug|Win32
		{AD23F457-5511-4D8C-AD42-4283F4B0600F}.Release|ARM64.ActiveCfg = Release|x64
		{AD23F457-5511-4D8C-AD42-4283F4B0600F}.Release|ARM64.Build.0 = Release|x64
		{AD23F457-5511-4D8C-AD42-4283F4B0600F}.Release|x64.ActiveCfg = Release|x64
		{AD23F457-5511-4D8C-AD42-4283F4B0600F}.Release|x64.Build.0 = Release|x64
		{AD23F457-5511-4D8C-AD42-4283F4B0600F}.Release|x86.ActiveCfg = Release|Win32
		{AD23F457-5511-4D8C-AD42-4283F4B0600F}.Release|x86.Build.0 = Release|Win32
		{46CC3435-7C67-E497-7CEF-4ECC250AC44C}.Debug|ARM64.ActiveCfg = Debug|ARM64
		{46CC3435-7C67-E497-7CEF-4ECC250AC44C}.Debug|ARM64.Build.0 = Debug|ARM64
		{46CC3435-7C67-E497-7CEF-4ECC250AC44C}.Debug|ARM64.Deploy.0 = Debug|ARM64
		{46CC3435-7C67-E497-7CEF-4ECC250AC44C}.Debug|x64.ActiveCfg = Debug|x64
		{46CC3435-7C67-E497-7CEF-4ECC250AC44C}.Debug|x64.Build.0 = Debug|x64
		{46CC3435-7C67-E497-7CEF-4ECC250AC44C}.Debug|x64.Deploy.0 = Debug|x64
		{46CC3435-7C67-E497-7CEF-4ECC250AC44C}.Debug|x86.ActiveCfg = Debug|x64
		{46CC3435-7C67-E497-7CEF-4ECC250AC44C}.Debug|x86.Build.0 = Debug|x64
		{46CC3435-7C67-E497-7CEF-4ECC250AC44C}.Debug|x86.Deploy.0 = Debug|x64
		{46CC3435-7C67-E497-7CEF-4ECC250AC44C}.Release|ARM64.ActiveCfg = Release|ARM64
		{46CC3435-7C67-E497-7CEF-4ECC250AC44C}.Release|ARM64.Build.0 = Release|ARM64
		{46CC3435-7C67-E497-7CEF-4ECC250AC44C}.Release|ARM64.Deploy.0 = Release|ARM64
		{46CC3435-7C67-E497-7CEF-4ECC250AC44C}.Release|x64.ActiveCfg = Release|x64
		{46CC3435-7C67-E497-7CEF-4ECC250AC44C}.Release|x64.Build.0 = Release|x64
		{46CC3435-7C67-E497-7CEF-4ECC250AC44C}.Release|x64.Deploy.0 = Release|x64
		{46CC3435-7C67-E497-7CEF-4ECC250AC44C}.Release|x86.ActiveCfg = Release|x64
		{46CC3435-7C67-E497-7CEF-4ECC250AC44C}.Release|x86.Build.0 = Release|x64
		{46CC3435-7C67-E497-7CEF-4ECC250AC44C}.Release|x86.Deploy.0 = Release|x64
		{F81948C7-ECE7-480B-B42E-B8E31B7D1CAD}.Debug|ARM64.ActiveCfg = Debug|ARM64
		{F81948C7-ECE7-480B-B42E-B8E31B7D1CAD}.Debug|ARM64.Build.0 = Debug|ARM64
		{F81948C7-ECE7-480B-B42E-B8E31B7D1CAD}.Debug|x64.ActiveCfg = Debug|x64
		{F81948C7-ECE7-480B-B42E-B8E31B7D1CAD}.Debug|x64.Build.0 = Debug|x64
		{F81948C7-ECE7-480B-B42E-B8E31B7D1CAD}.Debug|x86.ActiveCfg = Debug|x86
		{F81948C7-ECE7-480B-B42E-B8E31B7D1CAD}.Debug|x86.Build.0 = Debug|x86
		{F81948C7-ECE7-480B-B42E-B8E31B7D1CAD}.Release|ARM64.ActiveCfg = Release|ARM64
		{F81948C7-ECE7-480B-B42E-B8E31B7D1CAD}.Release|ARM64.Build.0 = Release|ARM64
		{F81948C7-ECE7-480B-B42E-B8E31B7D1CAD}.Release|x64.ActiveCfg = Release|x64
		{F81948C7-ECE7-480B-B42E-B8E31B7D1CAD}.Release|x64.Build.0 = Release|x64
		{F81948C7-ECE7-480B-B42E-B8E31B7D1CAD}.Release|x86.ActiveCfg = Release|x86
		{F81948C7-ECE7-480B-B42E-B8E31B7D1CAD}.Release|x86.Build.0 = Release|x86
	EndGlobalSection
	GlobalSection(SolutionProperties) = preSolution
		HideSolutionNode = FALSE
	EndGlobalSection
	GlobalSection(NestedProjects) = preSolution
		{A4506197-64A5-47F0-89CD-F5E9B27ABC3E} = {FC890CA9-B215-4930-A2A7-65BB1BEB450E}
		{FC890CA9-B215-4930-A2A7-65BB1BEB450E} = {02EA681E-C7D8-13C7-8484-4AC65E1B71E8}
		{40C927E3-3C8C-4A61-A88A-9E17273929AB} = {728B5CDD-D3F5-4D4B-99D3-1E52B5F6016B}
		{5851ABCE-7902-41EA-8BC4-5D32A7B129EE} = {FC890CA9-B215-4930-A2A7-65BB1BEB450E}
		{8FB29133-1A42-48E7-85F8-BA2536C9D65D} = {FC890CA9-B215-4930-A2A7-65BB1BEB450E}
		{46A707B8-A55D-488F-9131-AB5BF39DDAA2} = {FC890CA9-B215-4930-A2A7-65BB1BEB450E}
		{AD23F457-5511-4D8C-AD42-4283F4B0600F} = {02EA681E-C7D8-13C7-8484-4AC65E1B71E8}
		{46CC3435-7C67-E497-7CEF-4ECC250AC44C} = {728B5CDD-D3F5-4D4B-99D3-1E52B5F6016B}
		{F81948C7-ECE7-480B-B42E-B8E31B7D1CAD} = {728B5CDD-D3F5-4D4B-99D3-1E52B5F6016B}
	EndGlobalSection
	GlobalSection(ExtensibilityGlobals) = postSolution
		SolutionGuid = {2A6E7B6B-214D-4FA3-B819-26397FC9755F}
	EndGlobalSection
EndGlobal
