<?xml version="1.0" encoding="utf-8"?>
<Project ToolsVersion="4.0" xmlns="http://schemas.microsoft.com/developer/msbuild/2003">
  <ItemGroup>
    <Filter Include="Source Files">
      <UniqueIdentifier>{4FC737F1-C7A5-4376-A066-2A32D752A2FF}</UniqueIdentifier>
      <Extensions>cpp;c;cc;cxx;c++;cppm;ixx;def;odl;idl;hpj;bat;asm;asmx</Extensions>
    </Filter>
    <Filter Include="Header Files">
      <UniqueIdentifier>{93995380-89BD-4b04-88EB-625FBE52EBFB}</UniqueIdentifier>
      <Extensions>h;hh;hpp;hxx;h++;hm;inl;inc;ipp;xsd</Extensions>
    </Filter>
    <Filter Include="Resource Files">
      <UniqueIdentifier>{67DA6AB6-F800-4c08-8B7A-83BB121AAD01}</UniqueIdentifier>
      <Extensions>
        rc;ico;cur;bmp;dlg;rc2;rct;bin;rgs;gif;jpg;jpeg;jpe;resx;tiff;tif;png;wav;mfcribbon-ms</Extensions>
    </Filter>
    <Filter Include="Source Files\Controllers">
      <UniqueIdentifier>{3b4192bf-9e30-4d8b-b7be-c23616700e87}</UniqueIdentifier>
    </Filter>
    <Filter Include="Header Files\Controllers">
      <UniqueIdentifier>{f62f3158-2b3a-41de-90e6-1870d09b2d94}</UniqueIdentifier>
    </Filter>
    <Filter Include="Header Files\Models">
      <UniqueIdentifier>{7bcca4b4-43a2-4c95-89ae-e4ce16b9a149}</UniqueIdentifier>
    </Filter>
    <Filter Include="Header Files\Utils">
      <UniqueIdentifier>{620021f4-4b26-4ff8-ad91-33cefa90e7e8}</UniqueIdentifier>
    </Filter>
    <Filter Include="Source Files\Utils">
      <UniqueIdentifier>{5073ab56-88d4-4461-8d25-c7ca45d4482d}</UniqueIdentifier>
    </Filter>
    <Filter Include="Source Files\Models">
      <UniqueIdentifier>{8aec3b9e-853a-41b7-9cdd-3441d108d269}</UniqueIdentifier>
    </Filter>
    <Filter Include="Header Files\Middleware">
      <UniqueIdentifier>{a1b2c3d4-e5f6-4789-a1b2-c3d4e5f67890}</UniqueIdentifier>
    </Filter>
    <Filter Include="Source Files\Middleware">
      <UniqueIdentifier>{b2c3d4e5-f6a7-4890-b1c2-d3e4f5a67890}</UniqueIdentifier>
    </Filter>
  </ItemGroup>
  <ItemGroup>
    <ClCompile Include="Server.cpp">
      <Filter>Source Files</Filter>
    </ClCompile>
    <ClCompile Include="DatabaseSetup.cpp">
      <Filter>Source Files</Filter>
    </ClCompile>
    <ClCompile Include="JWT.cpp">
      <Filter>Source Files</Filter>
    </ClCompile>
    <ClCompile Include="Utils\Password.cpp">
      <Filter>Source Files\Utils</Filter>
    </ClCompile>
    <ClCompile Include="Utils\Validation.cpp">
      <Filter>Source Files\Utils</Filter>
    </ClCompile>
    <ClCompile Include="Models\User.cpp">
      <Filter>Source Files\Models</Filter>
    </ClCompile>
    <ClCompile Include="Models\Scan.cpp">
      <Filter>Source Files\Models</Filter>
    </ClCompile>
    <ClCompile Include="Utils\Crypto.cpp">
      <Filter>Source Files\Utils</Filter>
    </ClCompile>
    <ClCompile Include="Middleware\Auth.cpp">
      <Filter>Source Files\Middleware</Filter>
    </ClCompile>
    <ClCompile Include="Controllers\Auth.cpp">
      <Filter>Source Files\Controllers</Filter>
    </ClCompile>
    <ClCompile Include="Controllers\Sandbox.cpp">
      <Filter>Source Files\Controllers</Filter>
    </ClCompile>
    <ClCompile Include="Utils\Generic.cpp">
      <Filter>Source Files\Utils</Filter>
    </ClCompile>
    <ClCompile Include="Utils\VmRunner.cpp">
      <Filter>Source Files\Utils</Filter>
    </ClCompile>
    <ClCompile Include="Utils\ScanProcessingCron.cpp">
      <Filter>Source Files</Filter>
    </ClCompile>
    <ClCompile Include="Controllers\Health.cpp">
      <Filter>Source Files</Filter>
    </ClCompile>
  </ItemGroup>
  <ItemGroup>
    <ClInclude Include="Constants.hpp">
      <Filter>Header Files</Filter>
    </ClInclude>
    <ClInclude Include="Controllers\Auth.hpp">
      <Filter>Header Files\Controllers</Filter>
    </ClInclude>
    <ClInclude Include="Controllers\Sandbox.hpp">
      <Filter>Header Files\Controllers</Filter>
    </ClInclude>
    <ClInclude Include="DatabaseSetup.hpp">
      <Filter>Header Files</Filter>
    </ClInclude>
    <ClInclude Include="JWT.hpp">
      <Filter>Header Files</Filter>
    </ClInclude>
    <ClInclude Include="Models\User.hpp">
      <Filter>Header Files\Models</Filter>
    </ClInclude>
    <ClInclude Include="Models\Scan.hpp">
      <Filter>Header Files\Models</Filter>
    </ClInclude>
    <ClInclude Include="Utils\Password.hpp">
      <Filter>Header Files\Utils</Filter>
    </ClInclude>
    <ClInclude Include="Utils\Validation.hpp">
      <Filter>Header Files\Utils</Filter>
    </ClInclude>
    <ClInclude Include="Utils\Crypto.hpp">
      <Filter>Header Files\Utils</Filter>
    </ClInclude>
    <ClInclude Include="Middleware\Auth.hpp">
      <Filter>Header Files\Middleware</Filter>
    </ClInclude>
    <ClInclude Include="Utils\Responses.hpp">
      <Filter>Header Files\Utils</Filter>
    </ClInclude>
    <ClInclude Include="Utils\Generic.hpp">
      <Filter>Header Files\Utils</Filter>
    </ClInclude>
    <ClInclude Include="Utils\VmRunner.hpp">
      <Filter>Header Files\Utils</Filter>
    </ClInclude>
    <ClInclude Include="Utils\ScanProcessingCron.hpp">
      <Filter>Header Files</Filter>
    </ClInclude>
    <ClInclude Include="Controllers\Health.hpp">
      <Filter>Header Files</Filter>
    </ClInclude>
  </ItemGroup>
</Project>